// !$*UTF8*$!
{
	archiveVersion = 1;
	classes = {
	};
	objectVersion = 50;
	objects = {

/* Begin PBXBuildFile section */
		F17A615B26BA9B5F00528496 /* AppDelegate.swift in Sources */ = {isa = PBXBuildFile; fileRef = F17A615A26BA9B5F00528496 /* AppDelegate.swift */; };
		F17A615D26BA9B5F00528496 /* SceneDelegate.swift in Sources */ = {isa = PBXBuildFile; fileRef = F17A615C26BA9B5F00528496 /* SceneDelegate.swift */; };
		F17A616226BA9B5F00528496 /* Main.storyboard in Resources */ = {isa = PBXBuildFile; fileRef = F17A616026BA9B5F00528496 /* Main.storyboard */; };
		F17A616526BA9B5F00528496 /* TestNotesApp.xcdatamodeld in Sources */ = {isa = PBXBuildFile; fileRef = F17A616326BA9B5F00528496 /* TestNotesApp.xcdatamodeld */; };
		F17A616726BA9B6100528496 /* Assets.xcassets in Resources */ = {isa = PBXBuildFile; fileRef = F17A616626BA9B6100528496 /* Assets.xcassets */; };
		F17A616A26BA9B6100528496 /* LaunchScreen.storyboard in Resources */ = {isa = PBXBuildFile; fileRef = F17A616826BA9B6100528496 /* LaunchScreen.storyboard */; };
		F17A617226BA9D2300528496 /* NotesTableViewController.swift in Sources */ = {isa = PBXBuildFile; fileRef = F17A617126BA9D2300528496 /* NotesTableViewController.swift */; };
		F17A617426BABD5600528496 /* NotesTableViewCell.swift in Sources */ = {isa = PBXBuildFile; fileRef = F17A617326BABD5600528496 /* NotesTableViewCell.swift */; };
		F17A617626BACA0900528496 /* ShowNoteViewController.swift in Sources */ = {isa = PBXBuildFile; fileRef = F17A617526BACA0800528496 /* ShowNoteViewController.swift */; };
		F17A617F26BBF12C00528496 /* CoreDataHelper.swift in Sources */ = {isa = PBXBuildFile; fileRef = F17A617E26BBF12C00528496 /* CoreDataHelper.swift */; };
		F17A618126BBFC8A00528496 /* DateExt.swift in Sources */ = {isa = PBXBuildFile; fileRef = F17A618026BBFC8A00528496 /* DateExt.swift */; };
/* End PBXBuildFile section */

/* Begin PBXFileReference section */
		F17A615726BA9B5F00528496 /* TestNotesApp.app */ = {isa = PBXFileReference; explicitFileType = wrapper.application; includeInIndex = 0; path = TestNotesApp.app; sourceTree = BUILT_PRODUCTS_DIR; };
		F17A615A26BA9B5F00528496 /* AppDelegate.swift */ = {isa = PBXFileReference; lastKnownFileType = sourcecode.swift; path = AppDelegate.swift; sourceTree = "<group>"; };
		F17A615C26BA9B5F00528496 /* SceneDelegate.swift */ = {isa = PBXFileReference; lastKnownFileType = sourcecode.swift; path = SceneDelegate.swift; sourceTree = "<group>"; };
		F17A616126BA9B5F00528496 /* Base */ = {isa = PBXFileReference; lastKnownFileType = file.storyboard; name = Base; path = Base.lproj/Main.storyboard; sourceTree = "<group>"; };
		F17A616426BA9B5F00528496 /* TestNotesApp.xcdatamodel */ = {isa = PBXFileReference; lastKnownFileType = wrapper.xcdatamodel; path = TestNotesApp.xcdatamodel; sourceTree = "<group>"; };
		F17A616626BA9B6100528496 /* Assets.xcassets */ = {isa = PBXFileReference; lastKnownFileType = folder.assetcatalog; path = Assets.xcassets; sourceTree = "<group>"; };
		F17A616926BA9B6100528496 /* Base */ = {isa = PBXFileReference; lastKnownFileType = file.storyboard; name = Base; path = Base.lproj/LaunchScreen.storyboard; sourceTree = "<group>"; };
		F17A616B26BA9B6100528496 /* Info.plist */ = {isa = PBXFileReference; lastKnownFileType = text.plist.xml; path = Info.plist; sourceTree = "<group>"; };
		F17A617126BA9D2300528496 /* NotesTableViewController.swift */ = {isa = PBXFileReference; lastKnownFileType = sourcecode.swift; path = NotesTableViewController.swift; sourceTree = "<group>"; };
		F17A617326BABD5600528496 /* NotesTableViewCell.swift */ = {isa = PBXFileReference; lastKnownFileType = sourcecode.swift; path = NotesTableViewCell.swift; sourceTree = "<group>"; };
		F17A617526BACA0800528496 /* ShowNoteViewController.swift */ = {isa = PBXFileReference; lastKnownFileType = sourcecode.swift; path = ShowNoteViewController.swift; sourceTree = "<group>"; };
		F17A617E26BBF12C00528496 /* CoreDataHelper.swift */ = {isa = PBXFileReference; lastKnownFileType = sourcecode.swift; path = CoreDataHelper.swift; sourceTree = "<group>"; };
		F17A618026BBFC8A00528496 /* DateExt.swift */ = {isa = PBXFileReference; lastKnownFileType = sourcecode.swift; path = DateExt.swift; sourceTree = "<group>"; };
/* End PBXFileReference section */

/* Begin PBXFrameworksBuildPhase section */
		F17A615426BA9B5F00528496 /* Frameworks */ = {
			isa = PBXFrameworksBuildPhase;
			buildActionMask = 2147483647;
			files = (
			);
			runOnlyForDeploymentPostprocessing = 0;
		};
/* End PBXFrameworksBuildPhase section */

/* Begin PBXGroup section */
		F17A614E26BA9B5F00528496 = {
			isa = PBXGroup;
			children = (
				F17A615926BA9B5F00528496 /* TestNotesApp */,
				F17A615826BA9B5F00528496 /* Products */,
			);
			sourceTree = "<group>";
		};
		F17A615826BA9B5F00528496 /* Products */ = {
			isa = PBXGroup;
			children = (
				F17A615726BA9B5F00528496 /* TestNotesApp.app */,
			);
			name = Products;
			sourceTree = "<group>";
		};
		F17A615926BA9B5F00528496 /* TestNotesApp */ = {
			isa = PBXGroup;
			children = (
				F17A615A26BA9B5F00528496 /* AppDelegate.swift */,
				F17A615C26BA9B5F00528496 /* SceneDelegate.swift */,
				F17A617B26BAE28900528496 /* Model */,
				F17A617726BADC5500528496 /* View */,
				F17A617826BADC6600528496 /* Controller */,
				F17A616626BA9B6100528496 /* Assets.xcassets */,
				F17A616826BA9B6100528496 /* LaunchScreen.storyboard */,
				F17A616B26BA9B6100528496 /* Info.plist */,
				F17A616326BA9B5F00528496 /* TestNotesApp.xcdatamodeld */,
			);
			path = TestNotesApp;
			sourceTree = "<group>";
		};
		F17A617726BADC5500528496 /* View */ = {
			isa = PBXGroup;
			children = (
				F17A616026BA9B5F00528496 /* Main.storyboard */,
			);
			path = View;
			sourceTree = "<group>";
		};
		F17A617826BADC6600528496 /* Controller */ = {
			isa = PBXGroup;
			children = (
				F17A617126BA9D2300528496 /* NotesTableViewController.swift */,
				F17A617526BACA0800528496 /* ShowNoteViewController.swift */,
				F17A617326BABD5600528496 /* NotesTableViewCell.swift */,
			);
			path = Controller;
			sourceTree = "<group>";
		};
		F17A617B26BAE28900528496 /* Model */ = {
			isa = PBXGroup;
			children = (
				F17A618026BBFC8A00528496 /* DateExt.swift */,
				F17A617E26BBF12C00528496 /* CoreDataHelper.swift */,
			);
			path = Model;
			sourceTree = "<group>";
		};
/* End PBXGroup section */

/* Begin PBXNativeTarget section */
		F17A615626BA9B5F00528496 /* TestNotesApp */ = {
			isa = PBXNativeTarget;
			buildConfigurationList = F17A616E26BA9B6100528496 /* Build configuration list for PBXNativeTarget "TestNotesApp" */;
			buildPhases = (
				F17A615326BA9B5F00528496 /* Sources */,
				F17A615426BA9B5F00528496 /* Frameworks */,
				F17A615526BA9B5F00528496 /* Resources */,
			);
			buildRules = (
			);
			dependencies = (
			);
			name = TestNotesApp;
			productName = TestNotesApp;
			productReference = F17A615726BA9B5F00528496 /* TestNotesApp.app */;
			productType = "com.apple.product-type.application";
		};
/* End PBXNativeTarget section */

/* Begin PBXProject section */
		F17A614F26BA9B5F00528496 /* Project object */ = {
			isa = PBXProject;
			attributes = {
				LastSwiftUpdateCheck = 1250;
				LastUpgradeCheck = 1250;
				TargetAttributes = {
					F17A615626BA9B5F00528496 = {
						CreatedOnToolsVersion = 12.5.1;
					};
				};
			};
			buildConfigurationList = F17A615226BA9B5F00528496 /* Build configuration list for PBXProject "TestNotesApp" */;
			compatibilityVersion = "Xcode 9.3";
			developmentRegion = en;
			hasScannedForEncodings = 0;
			knownRegions = (
				en,
				Base,
			);
			mainGroup = F17A614E26BA9B5F00528496;
			productRefGroup = F17A615826BA9B5F00528496 /* Products */;
			projectDirPath = "";
			projectRoot = "";
			targets = (
				F17A615626BA9B5F00528496 /* TestNotesApp */,
			);
		};
/* End PBXProject section */

/* Begin PBXResourcesBuildPhase section */
		F17A615526BA9B5F00528496 /* Resources */ = {
			isa = PBXResourcesBuildPhase;
			buildActionMask = 2147483647;
			files = (
				F17A616A26BA9B6100528496 /* LaunchScreen.storyboard in Resources */,
				F17A616726BA9B6100528496 /* Assets.xcassets in Resources */,
				F17A616226BA9B5F00528496 /* Main.storyboard in Resources */,
			);
			runOnlyForDeploymentPostprocessing = 0;
		};
/* End PBXResourcesBuildPhase section */

/* Begin PBXSourcesBuildPhase section */
		F17A615326BA9B5F00528496 /* Sources */ = {
			isa = PBXSourcesBuildPhase;
			buildActionMask = 2147483647;
			files = (
				F17A615B26BA9B5F00528496 /* AppDelegate.swift in Sources */,
				F17A617226BA9D2300528496 /* NotesTableViewController.swift in Sources */,
				F17A617F26BBF12C00528496 /* CoreDataHelper.swift in Sources */,
				F17A617426BABD5600528496 /* NotesTableViewCell.swift in Sources */,
				F17A615D26BA9B5F00528496 /* SceneDelegate.swift in Sources */,
				F17A616526BA9B5F00528496 /* TestNotesApp.xcdatamodeld in Sources */,
				F17A617626BACA0900528496 /* ShowNoteViewController.swift in Sources */,
				F17A618126BBFC8A00528496 /* DateExt.swift in Sources */,
			);
			runOnlyForDeploymentPostprocessing = 0;
		};
/* End PBXSourcesBuildPhase section */

/* Begin PBXVariantGroup section */
		F17A616026BA9B5F00528496 /* Main.storyboard */ = {
			isa = PBXVariantGroup;
			children = (
				F17A616126BA9B5F00528496 /* Base */,
			);
			name = Main.storyboard;
			sourceTree = "<group>";
		};
		F17A616826BA9B6100528496 /* LaunchScreen.storyboard */ = {
			isa = PBXVariantGroup;
			children = (
				F17A616926BA9B6100528496 /* Base */,
			);
			name = LaunchScreen.storyboard;
			sourceTree = "<group>";
		};
/* End PBXVariantGroup section */

/* Begin XCBuildConfiguration section */
		F17A616C26BA9B6100528496 /* Debug */ = {
			isa = XCBuildConfiguration;
			buildSettings = {
				ALWAYS_SEARCH_USER_PATHS = NO;
				CLANG_ANALYZER_NONNULL = YES;
				CLANG_ANALYZER_NUMBER_OBJECT_CONVERSION = YES_AGGRESSIVE;
				CLANG_CXX_LANGUAGE_STANDARD = "gnu++14";
				CLANG_CXX_LIBRARY = "libc++";
				CLANG_ENABLE_MODULES = YES;
				CLANG_ENABLE_OBJC_ARC = YES;
				CLANG_ENABLE_OBJC_WEAK = YES;
				CLANG_WARN_BLOCK_CAPTURE_AUTORELEASING = YES;
				CLANG_WARN_BOOL_CONVERSION = YES;
				CLANG_WARN_COMMA = YES;
				CLANG_WARN_CONSTANT_CONVERSION = YES;
				CLANG_WARN_DEPRECATED_OBJC_IMPLEMENTATIONS = YES;
				CLANG_WARN_DIRECT_OBJC_ISA_USAGE = YES_ERROR;
				CLANG_WARN_DOCUMENTATION_COMMENTS = YES;
				CLANG_WARN_EMPTY_BODY = YES;
				CLANG_WARN_ENUM_CONVERSION = YES;
				CLANG_WARN_INFINITE_RECURSION = YES;
				CLANG_WARN_INT_CONVERSION = YES;
				CLANG_WARN_NON_LITERAL_NULL_CONVERSION = YES;
				CLANG_WARN_OBJC_IMPLICIT_RETAIN_SELF = YES;
				CLANG_WARN_OBJC_LITERAL_CONVERSION = YES;
				CLANG_WARN_OBJC_ROOT_CLASS = YES_ERROR;
				CLANG_WARN_QUOTED_INCLUDE_IN_FRAMEWORK_HEADER = YES;
				CLANG_WARN_RANGE_LOOP_ANALYSIS = YES;
				CLANG_WARN_STRICT_PROTOTYPES = YES;
				CLANG_WARN_SUSPICIOUS_MOVE = YES;
				CLANG_WARN_UNGUARDED_AVAILABILITY = YES_AGGRESSIVE;
				CLANG_WARN_UNREACHABLE_CODE = YES;
				CLANG_WARN__DUPLICATE_METHOD_MATCH = YES;
				COPY_PHASE_STRIP = NO;
				DEBUG_INFORMATION_FORMAT = dwarf;
				ENABLE_STRICT_OBJC_MSGSEND = YES;
				ENABLE_TESTABILITY = YES;
				GCC_C_LANGUAGE_STANDARD = gnu11;
				GCC_DYNAMIC_NO_PIC = NO;
				GCC_NO_COMMON_BLOCKS = YES;
				GCC_OPTIMIZATION_LEVEL = 0;
				GCC_PREPROCESSOR_DEFINITIONS = (
					"DEBUG=1",
					"$(inherited)",
				);
				GCC_WARN_64_TO_32_BIT_CONVERSION = YES;
				GCC_WARN_ABOUT_RETURN_TYPE = YES_ERROR;
				GCC_WARN_UNDECLARED_SELECTOR = YES;
				GCC_WARN_UNINITIALIZED_AUTOS = YES_AGGRESSIVE;
				GCC_WARN_UNUSED_FUNCTION = YES;
				GCC_WARN_UNUSED_VARIABLE = YES;
				IPHONEOS_DEPLOYMENT_TARGET = 14.5;
				MTL_ENABLE_DEBUG_INFO = INCLUDE_SOURCE;
				MTL_FAST_MATH = YES;
				ONLY_ACTIVE_ARCH = YES;
				SDKROOT = iphoneos;
				SWIFT_ACTIVE_COMPILATION_CONDITIONS = DEBUG;
				SWIFT_OPTIMIZATION_LEVEL = "-Onone";
			};
			name = Debug;
		};
		F17A616D26BA9B6100528496 /* Release */ = {
			isa = XCBuildConfiguration;
			buildSettings = {
				ALWAYS_SEARCH_USER_PATHS = NO;
				CLANG_ANALYZER_NONNULL = YES;
				CLANG_ANALYZER_NUMBER_OBJECT_CONVERSION = YES_AGGRESSIVE;
				CLANG_CXX_LANGUAGE_STANDARD = "gnu++14";
				CLANG_CXX_LIBRARY = "libc++";
				CLANG_ENABLE_MODULES = YES;
				CLANG_ENABLE_OBJC_ARC = YES;
				CLANG_ENABLE_OBJC_WEAK = YES;
				CLANG_WARN_BLOCK_CAPTURE_AUTORELEASING = YES;
				CLANG_WARN_BOOL_CONVERSION = YES;
				CLANG_WARN_COMMA = YES;
				CLANG_WARN_CONSTANT_CONVERSION = YES;
				CLANG_WARN_DEPRECATED_OBJC_IMPLEMENTATIONS = YES;
				CLANG_WARN_DIRECT_OBJC_ISA_USAGE = YES_ERROR;
				CLANG_WARN_DOCUMENTATION_COMMENTS = YES;
				CLANG_WARN_EMPTY_BODY = YES;
				CLANG_WARN_ENUM_CONVERSION = YES;
				CLANG_WARN_INFINITE_RECURSION = YES;
				CLANG_WARN_INT_CONVERSION = YES;
				CLANG_WARN_NON_LITERAL_NULL_CONVERSION = YES;
				CLANG_WARN_OBJC_IMPLICIT_RETAIN_SELF = YES;
				CLANG_WARN_OBJC_LITERAL_CONVERSION = YES;
				CLANG_WARN_OBJC_ROOT_CLASS = YES_ERROR;
				CLANG_WARN_QUOTED_INCLUDE_IN_FRAMEWORK_HEADER = YES;
				CLANG_WARN_RANGE_LOOP_ANALYSIS = YES;
				CLANG_WARN_STRICT_PROTOTYPES = YES;
				CLANG_WARN_SUSPICIOUS_MOVE = YES;
				CLANG_WARN_UNGUARDED_AVAILABILITY = YES_AGGRESSIVE;
				CLANG_WARN_UNREACHABLE_CODE = YES;
				CLANG_WARN__DUPLICATE_METHOD_MATCH = YES;
				COPY_PHASE_STRIP = NO;
				DEBUG_INFORMATION_FORMAT = "dwarf-with-dsym";
				ENABLE_NS_ASSERTIONS = NO;
				ENABLE_STRICT_OBJC_MSGSEND = YES;
				GCC_C_LANGUAGE_STANDARD = gnu11;
				GCC_NO_COMMON_BLOCKS = YES;
				GCC_WARN_64_TO_32_BIT_CONVERSION = YES;
				GCC_WARN_ABOUT_RETURN_TYPE = YES_ERROR;
				GCC_WARN_UNDECLARED_SELECTOR = YES;
				GCC_WARN_UNINITIALIZED_AUTOS = YES_AGGRESSIVE;
				GCC_WARN_UNUSED_FUNCTION = YES;
				GCC_WARN_UNUSED_VARIABLE = YES;
				IPHONEOS_DEPLOYMENT_TARGET = 14.5;
				MTL_ENABLE_DEBUG_INFO = NO;
				MTL_FAST_MATH = YES;
				SDKROOT = iphoneos;
				SWIFT_COMPILATION_MODE = wholemodule;
				SWIFT_OPTIMIZATION_LEVEL = "-O";
				VALIDATE_PRODUCT = YES;
			};
			name = Release;
		};
		F17A616F26BA9B6100528496 /* Debug */ = {
			isa = XCBuildConfiguration;
			buildSettings = {
				ASSETCATALOG_COMPILER_APPICON_NAME = AppIcon;
				ASSETCATALOG_COMPILER_GLOBAL_ACCENT_COLOR_NAME = AccentColor;
				CODE_SIGN_STYLE = Automatic;
				DEVELOPMENT_TEAM = UMB664RQJ2;
				INFOPLIST_FILE = TestNotesApp/Info.plist;
				IPHONEOS_DEPLOYMENT_TARGET = 14.5;
				LD_RUNPATH_SEARCH_PATHS = (
					"$(inherited)",
					"@executable_path/Frameworks",
				);
				PRODUCT_BUNDLE_IDENTIFIER = com.ciryllaptev.TestNotesApp;
				PRODUCT_NAME = "$(TARGET_NAME)";
				SWIFT_VERSION = 5.0;
				TARGETED_DEVICE_FAMILY = "1,2";
			};
			name = Debug;
		};
		F17A617026BA9B6100528496 /* Release */ = {
			isa = XCBuildConfiguration;
			buildSettings = {
				ASSETCATALOG_COMPILER_APPICON_NAME = AppIcon;
				ASSETCATALOG_COMPILER_GLOBAL_ACCENT_COLOR_NAME = AccentColor;
				CODE_SIGN_STYLE = Automatic;
				DEVELOPMENT_TEAM = UMB664RQJ2;
				INFOPLIST_FILE = TestNotesApp/Info.plist;
				IPHONEOS_DEPLOYMENT_TARGET = 14.5;
				LD_RUNPATH_SEARCH_PATHS = (
					"$(inherited)",
					"@executable_path/Frameworks",
				);
				PRODUCT_BUNDLE_IDENTIFIER = com.ciryllaptev.TestNotesApp;
				PRODUCT_NAME = "$(TARGET_NAME)";
				SWIFT_VERSION = 5.0;
				TARGETED_DEVICE_FAMILY = "1,2";
			};
			name = Release;
		};
/* End XCBuildConfiguration section */

/* Begin XCConfigurationList section */
		F17A615226BA9B5F00528496 /* Build configuration list for PBXProject "TestNotesApp" */ = {
			isa = XCConfigurationList;
			buildConfigurations = (
				F17A616C26BA9B6100528496 /* Debug */,
				F17A616D26BA9B6100528496 /* Release */,
			);
			defaultConfigurationIsVisible = 0;
			defaultConfigurationName = Release;
		};
		F17A616E26BA9B6100528496 /* Build configuration list for PBXNativeTarget "TestNotesApp" */ = {
			isa = XCConfigurationList;
			buildConfigurations = (
				F17A616F26BA9B6100528496 /* Debug */,
				F17A617026BA9B6100528496 /* Release */,
			);
			defaultConfigurationIsVisible = 0;
			defaultConfigurationName = Release;
		};
/* End XCConfigurationList section */

/* Begin XCVersionGroup section */
		F17A616326BA9B5F00528496 /* TestNotesApp.xcdatamodeld */ = {
			isa = XCVersionGroup;
			children = (
				F17A616426BA9B5F00528496 /* TestNotesApp.xcdatamodel */,
			);
			currentVersion = F17A616426BA9B5F00528496 /* TestNotesApp.xcdatamodel */;
			path = TestNotesApp.xcdatamodeld;
			sourceTree = "<group>";
			versionGroupType = wrapper.xcdatamodel;
		};
/* End XCVersionGroup section */
	};
	rootObject = F17A614F26BA9B5F00528496 /* Project object */;
}
